
Microsoft Visual Studio Solution File, Format Version 12.00
# Visual Studio Version 17
VisualStudioVersion = 17.5.33530.505
MinimumVisualStudioVersion = 10.0.40219.1
Project("{9A19103F-16F7-4668-BE54-9A1E7A4F7556}") = "AP3_MEDIA", "AP3_MEDIA.csproj", "{D4DF96E1-54A7-4FEB-878C-768D3466A8A0}"
EndProject
Global
	GlobalSection(SolutionConfigurationPlatforms) = preSolution
		Debug|Any CPU = Debug|Any CPU
		Release|Any CPU = Release|Any CPU
	EndGlobalSection
	GlobalSection(ProjectConfigurationPlatforms) = postSolution
		{D4DF96E1-54A7-4FEB-878C-768D3466A8A0}.Debug|Any CPU.ActiveCfg = Debug|Any CPU
		{D4DF96E1-54A7-4FEB-878C-768D3466A8A0}.Debug|Any CPU.Build.0 = Debug|Any CPU
		{D4DF96E1-54A7-4FEB-878C-768D3466A8A0}.Release|Any CPU.ActiveCfg = Release|Any CPU
		{D4DF96E1-54A7-4FEB-878C-768D3466A8A0}.Release|Any CPU.Build.0 = Release|Any CPU
	EndGlobalSection
	GlobalSection(SolutionProperties) = preSolution
		HideSolutionNode = FALSE
	EndGlobalSection
	GlobalSection(ExtensibilityGlobals) = postSolution
		SolutionGuid = {FE4AF805-41C8-4EE1-B361-4C4A5146114D}
	EndGlobalSection
EndGlobal
